// !$*UTF8*$!
{
	archiveVersion = 1;
	classes = {
	};
	objectVersion = 46;
	objects = {

/* Begin PBXBuildFile section */
		582AB73F1B4CB673005D0702 /* ScoreboardViewController.m in Sources */ = {isa = PBXBuildFile; fileRef = F1FB701E1AA01614007073AC /* ScoreboardViewController.m */; };
		582AB7401B4CB679005D0702 /* ScoreCollectionViewCell.m in Sources */ = {isa = PBXBuildFile; fileRef = F130D3861AD3066000C67443 /* ScoreCollectionViewCell.m */; };
		F130D3841ACDE20000C67443 /* Player.m in Sources */ = {isa = PBXBuildFile; fileRef = F130D3831ACDE20000C67443 /* Player.m */; };
		F130D38A1AD3128D00C67443 /* Game.m in Sources */ = {isa = PBXBuildFile; fileRef = F130D3891AD3128D00C67443 /* Game.m */; };
		F14C5DC41B24E82C009CBDD9 /* UIPlayerTextField.m in Sources */ = {isa = PBXBuildFile; fileRef = F14C5DC31B24E82C009CBDD9 /* UIPlayerTextField.m */; };
		F14C5DCE1B28F1B3009CBDD9 /* Settings.m in Sources */ = {isa = PBXBuildFile; fileRef = F14C5DCD1B28F1B3009CBDD9 /* Settings.m */; };
		F1FB70191AA01614007073AC /* main.m in Sources */ = {isa = PBXBuildFile; fileRef = F1FB70181AA01614007073AC /* main.m */; };
		F1FB701C1AA01614007073AC /* AppDelegate.m in Sources */ = {isa = PBXBuildFile; fileRef = F1FB701B1AA01614007073AC /* AppDelegate.m */; };
		F1FB70221AA01614007073AC /* Main.storyboard in Resources */ = {isa = PBXBuildFile; fileRef = F1FB70201AA01614007073AC /* Main.storyboard */; };
		F1FB70241AA01614007073AC /* Images.xcassets in Resources */ = {isa = PBXBuildFile; fileRef = F1FB70231AA01614007073AC /* Images.xcassets */; };
		F1FB70271AA01614007073AC /* LaunchScreen.xib in Resources */ = {isa = PBXBuildFile; fileRef = F1FB70251AA01614007073AC /* LaunchScreen.xib */; };
		F1FB70331AA01614007073AC /* Hearts_ScoreboardTests.m in Sources */ = {isa = PBXBuildFile; fileRef = F1FB70321AA01614007073AC /* Hearts_ScoreboardTests.m */; };
/* End PBXBuildFile section */

/* Begin PBXContainerItemProxy section */
		F1FB702D1AA01614007073AC /* PBXContainerItemProxy */ = {
			isa = PBXContainerItemProxy;
			containerPortal = F1FB700B1AA01613007073AC /* Project object */;
			proxyType = 1;
			remoteGlobalIDString = F1FB70121AA01614007073AC;
			remoteInfo = "Hearts Scoreboard";
		};
/* End PBXContainerItemProxy section */

/* Begin PBXFileReference section */
		58BD1C421B7AB0C4007FF461 /* Hearts Scoreboard.entitlements */ = {isa = PBXFileReference; lastKnownFileType = text.xml; path = "Hearts Scoreboard.entitlements"; sourceTree = SOURCE_ROOT; };
		F130D3821ACDE20000C67443 /* Player.h */ = {isa = PBXFileReference; fileEncoding = 4; lastKnownFileType = sourcecode.c.h; path = Player.h; sourceTree = "<group>"; };
		F130D3831ACDE20000C67443 /* Player.m */ = {isa = PBXFileReference; fileEncoding = 4; lastKnownFileType = sourcecode.c.objc; path = Player.m; sourceTree = "<group>"; usesTabs = 0; };
		F130D3851AD3066000C67443 /* ScoreCollectionViewCell.h */ = {isa = PBXFileReference; fileEncoding = 4; lastKnownFileType = sourcecode.c.h; path = ScoreCollectionViewCell.h; sourceTree = "<group>"; };
		F130D3861AD3066000C67443 /* ScoreCollectionViewCell.m */ = {isa = PBXFileReference; fileEncoding = 4; lastKnownFileType = sourcecode.c.objc; path = ScoreCollectionViewCell.m; sourceTree = "<group>"; };
		F130D3881AD3128D00C67443 /* Game.h */ = {isa = PBXFileReference; fileEncoding = 4; lastKnownFileType = sourcecode.c.h; path = Game.h; sourceTree = "<group>"; };
		F130D3891AD3128D00C67443 /* Game.m */ = {isa = PBXFileReference; fileEncoding = 4; lastKnownFileType = sourcecode.c.objc; path = Game.m; sourceTree = "<group>"; };
		F14C5DC31B24E82C009CBDD9 /* UIPlayerTextField.m */ = {isa = PBXFileReference; fileEncoding = 4; lastKnownFileType = sourcecode.c.objc; path = UIPlayerTextField.m; sourceTree = "<group>"; };
		F14C5DC51B24E849009CBDD9 /* UIPlayerTextField.h */ = {isa = PBXFileReference; fileEncoding = 4; lastKnownFileType = sourcecode.c.h; path = UIPlayerTextField.h; sourceTree = "<group>"; };
		F14C5DCC1B28F1B3009CBDD9 /* Settings.h */ = {isa = PBXFileReference; fileEncoding = 4; lastKnownFileType = sourcecode.c.h; path = Settings.h; sourceTree = "<group>"; };
		F14C5DCD1B28F1B3009CBDD9 /* Settings.m */ = {isa = PBXFileReference; fileEncoding = 4; lastKnownFileType = sourcecode.c.objc; path = Settings.m; sourceTree = "<group>"; };
		F1FB70131AA01614007073AC /* Hearts Scoreboard.app */ = {isa = PBXFileReference; explicitFileType = wrapper.application; includeInIndex = 0; path = "Hearts Scoreboard.app"; sourceTree = BUILT_PRODUCTS_DIR; };
		F1FB70171AA01614007073AC /* Info.plist */ = {isa = PBXFileReference; lastKnownFileType = text.plist.xml; path = Info.plist; sourceTree = "<group>"; };
		F1FB70181AA01614007073AC /* main.m */ = {isa = PBXFileReference; lastKnownFileType = sourcecode.c.objc; path = main.m; sourceTree = "<group>"; };
		F1FB701A1AA01614007073AC /* AppDelegate.h */ = {isa = PBXFileReference; lastKnownFileType = sourcecode.c.h; path = AppDelegate.h; sourceTree = "<group>"; };
		F1FB701B1AA01614007073AC /* AppDelegate.m */ = {isa = PBXFileReference; lastKnownFileType = sourcecode.c.objc; path = AppDelegate.m; sourceTree = "<group>"; };
		F1FB701D1AA01614007073AC /* ScoreboardViewController.h */ = {isa = PBXFileReference; lastKnownFileType = sourcecode.c.h; path = ScoreboardViewController.h; sourceTree = "<group>"; };
		F1FB701E1AA01614007073AC /* ScoreboardViewController.m */ = {isa = PBXFileReference; lastKnownFileType = sourcecode.c.objc; path = ScoreboardViewController.m; sourceTree = "<group>"; };
		F1FB70211AA01614007073AC /* Base */ = {isa = PBXFileReference; lastKnownFileType = file.storyboard; name = Base; path = Base.lproj/Main.storyboard; sourceTree = "<group>"; };
		F1FB70231AA01614007073AC /* Images.xcassets */ = {isa = PBXFileReference; lastKnownFileType = folder.assetcatalog; path = Images.xcassets; sourceTree = "<group>"; };
		F1FB70261AA01614007073AC /* Base */ = {isa = PBXFileReference; lastKnownFileType = file.xib; name = Base; path = Base.lproj/LaunchScreen.xib; sourceTree = "<group>"; };
		F1FB702C1AA01614007073AC /* Hearts ScoreboardTests.xctest */ = {isa = PBXFileReference; explicitFileType = wrapper.cfbundle; includeInIndex = 0; path = "Hearts ScoreboardTests.xctest"; sourceTree = BUILT_PRODUCTS_DIR; };
		F1FB70311AA01614007073AC /* Info.plist */ = {isa = PBXFileReference; lastKnownFileType = text.plist.xml; path = Info.plist; sourceTree = "<group>"; };
		F1FB70321AA01614007073AC /* Hearts_ScoreboardTests.m */ = {isa = PBXFileReference; lastKnownFileType = sourcecode.c.objc; path = Hearts_ScoreboardTests.m; sourceTree = "<group>"; };
/* End PBXFileReference section */

/* Begin PBXFrameworksBuildPhase section */
		F1FB70101AA01614007073AC /* Frameworks */ = {
			isa = PBXFrameworksBuildPhase;
			buildActionMask = 2147483647;
			files = (
			);
			runOnlyForDeploymentPostprocessing = 0;
		};
		F1FB70291AA01614007073AC /* Frameworks */ = {
			isa = PBXFrameworksBuildPhase;
			buildActionMask = 2147483647;
			files = (
			);
			runOnlyForDeploymentPostprocessing = 0;
		};
/* End PBXFrameworksBuildPhase section */

/* Begin PBXGroup section */
		F1FB700A1AA01613007073AC = {
			isa = PBXGroup;
			children = (
				F1FB70151AA01614007073AC /* Hearts Scoreboard */,
				F1FB702F1AA01614007073AC /* Hearts ScoreboardTests */,
				F1FB70141AA01614007073AC /* Products */,
			);
			sourceTree = "<group>";
		};
		F1FB70141AA01614007073AC /* Products */ = {
			isa = PBXGroup;
			children = (
				F1FB70131AA01614007073AC /* Hearts Scoreboard.app */,
				F1FB702C1AA01614007073AC /* Hearts ScoreboardTests.xctest */,
			);
			name = Products;
			sourceTree = "<group>";
		};
		F1FB70151AA01614007073AC /* Hearts Scoreboard */ = {
			isa = PBXGroup;
			children = (
				58BD1C421B7AB0C4007FF461 /* Hearts Scoreboard.entitlements */,
				F1FB701A1AA01614007073AC /* AppDelegate.h */,
				F1FB701B1AA01614007073AC /* AppDelegate.m */,
				F1FB70201AA01614007073AC /* Main.storyboard */,
				F1FB701D1AA01614007073AC /* ScoreboardViewController.h */,
				F1FB701E1AA01614007073AC /* ScoreboardViewController.m */,
				F130D3881AD3128D00C67443 /* Game.h */,
				F130D3891AD3128D00C67443 /* Game.m */,
				F130D3821ACDE20000C67443 /* Player.h */,
				F130D3831ACDE20000C67443 /* Player.m */,
				F14C5DCC1B28F1B3009CBDD9 /* Settings.h */,
				F14C5DCD1B28F1B3009CBDD9 /* Settings.m */,
				F130D3851AD3066000C67443 /* ScoreCollectionViewCell.h */,
				F130D3861AD3066000C67443 /* ScoreCollectionViewCell.m */,
				F14C5DC51B24E849009CBDD9 /* UIPlayerTextField.h */,
				F14C5DC31B24E82C009CBDD9 /* UIPlayerTextField.m */,
				F1FB70231AA01614007073AC /* Images.xcassets */,
				F1FB70251AA01614007073AC /* LaunchScreen.xib */,
				F1FB70161AA01614007073AC /* Supporting Files */,
			);
			name = "Hearts Scoreboard";
			path = "Hearts Scoreboard";
			sourceTree = "<group>";
		};
		F1FB70161AA01614007073AC /* Supporting Files */ = {
			isa = PBXGroup;
			children = (
				F1FB70171AA01614007073AC /* Info.plist */,
				F1FB70181AA01614007073AC /* main.m */,
			);
			name = "Supporting Files";
			sourceTree = "<group>";
		};
		F1FB702F1AA01614007073AC /* Hearts ScoreboardTests */ = {
			isa = PBXGroup;
			children = (
				F1FB70321AA01614007073AC /* Hearts_ScoreboardTests.m */,
				F1FB70301AA01614007073AC /* Supporting Files */,
			);
			name = "Hearts ScoreboardTests";
			path = "Hearts ScoreboardTests";
			sourceTree = "<group>";
		};
		F1FB70301AA01614007073AC /* Supporting Files */ = {
			isa = PBXGroup;
			children = (
				F1FB70311AA01614007073AC /* Info.plist */,
			);
			name = "Supporting Files";
			sourceTree = "<group>";
		};
/* End PBXGroup section */

/* Begin PBXNativeTarget section */
		F1FB70121AA01614007073AC /* Hearts Scoreboard */ = {
			isa = PBXNativeTarget;
			buildConfigurationList = F1FB70361AA01614007073AC /* Build configuration list for PBXNativeTarget "Hearts Scoreboard" */;
			buildPhases = (
				F1FB700F1AA01614007073AC /* Sources */,
				F1FB70101AA01614007073AC /* Frameworks */,
				F1FB70111AA01614007073AC /* Resources */,
			);
			buildRules = (
			);
			dependencies = (
			);
			name = "Hearts Scoreboard";
			productName = "Hearts Scoreboard";
			productReference = F1FB70131AA01614007073AC /* Hearts Scoreboard.app */;
			productType = "com.apple.product-type.application";
		};
		F1FB702B1AA01614007073AC /* Hearts ScoreboardTests */ = {
			isa = PBXNativeTarget;
			buildConfigurationList = F1FB70391AA01614007073AC /* Build configuration list for PBXNativeTarget "Hearts ScoreboardTests" */;
			buildPhases = (
				F1FB70281AA01614007073AC /* Sources */,
				F1FB70291AA01614007073AC /* Frameworks */,
				F1FB702A1AA01614007073AC /* Resources */,
			);
			buildRules = (
			);
			dependencies = (
				F1FB702E1AA01614007073AC /* PBXTargetDependency */,
			);
			name = "Hearts ScoreboardTests";
			productName = "Hearts ScoreboardTests";
			productReference = F1FB702C1AA01614007073AC /* Hearts ScoreboardTests.xctest */;
			productType = "com.apple.product-type.bundle.unit-test";
		};
/* End PBXNativeTarget section */

/* Begin PBXProject section */
		F1FB700B1AA01613007073AC /* Project object */ = {
			isa = PBXProject;
			attributes = {
				LastUpgradeCheck = 0610;
				ORGANIZATIONNAME = "Christopher Rung";
				TargetAttributes = {
					F1FB70121AA01614007073AC = {
						CreatedOnToolsVersion = 6.1.1;
						DevelopmentTeam = L4UJ7QLZLQ;
						SystemCapabilities = {
							com.apple.iCloud = {
								enabled = 1;
							};
						};
					};
					F1FB702B1AA01614007073AC = {
						CreatedOnToolsVersion = 6.1.1;
						TestTargetID = F1FB70121AA01614007073AC;
					};
				};
			};
			buildConfigurationList = F1FB700E1AA01613007073AC /* Build configuration list for PBXProject "Hearts Scoreboard" */;
			compatibilityVersion = "Xcode 3.2";
			developmentRegion = English;
			hasScannedForEncodings = 0;
			knownRegions = (
				en,
				Base,
			);
			mainGroup = F1FB700A1AA01613007073AC;
			productRefGroup = F1FB70141AA01614007073AC /* Products */;
			projectDirPath = "";
			projectRoot = "";
			targets = (
				F1FB70121AA01614007073AC /* Hearts Scoreboard */,
				F1FB702B1AA01614007073AC /* Hearts ScoreboardTests */,
			);
		};
/* End PBXProject section */

/* Begin PBXResourcesBuildPhase section */
		F1FB70111AA01614007073AC /* Resources */ = {
			isa = PBXResourcesBuildPhase;
			buildActionMask = 2147483647;
			files = (
				F1FB70221AA01614007073AC /* Main.storyboard in Resources */,
				F1FB70271AA01614007073AC /* LaunchScreen.xib in Resources */,
				F1FB70241AA01614007073AC /* Images.xcassets in Resources */,
			);
			runOnlyForDeploymentPostprocessing = 0;
		};
		F1FB702A1AA01614007073AC /* Resources */ = {
			isa = PBXResourcesBuildPhase;
			buildActionMask = 2147483647;
			files = (
			);
			runOnlyForDeploymentPostprocessing = 0;
		};
/* End PBXResourcesBuildPhase section */

/* Begin PBXSourcesBuildPhase section */
		F1FB700F1AA01614007073AC /* Sources */ = {
			isa = PBXSourcesBuildPhase;
			buildActionMask = 2147483647;
			files = (
				582AB7401B4CB679005D0702 /* ScoreCollectionViewCell.m in Sources */,
				582AB73F1B4CB673005D0702 /* ScoreboardViewController.m in Sources */,
				F130D3841ACDE20000C67443 /* Player.m in Sources */,
				F14C5DC41B24E82C009CBDD9 /* UIPlayerTextField.m in Sources */,
				F130D38A1AD3128D00C67443 /* Game.m in Sources */,
				F1FB701C1AA01614007073AC /* AppDelegate.m in Sources */,
				F14C5DCE1B28F1B3009CBDD9 /* Settings.m in Sources */,
				F1FB70191AA01614007073AC /* main.m in Sources */,
			);
			runOnlyForDeploymentPostprocessing = 0;
		};
		F1FB70281AA01614007073AC /* Sources */ = {
			isa = PBXSourcesBuildPhase;
			buildActionMask = 2147483647;
			files = (
				F1FB70331AA01614007073AC /* Hearts_ScoreboardTests.m in Sources */,
			);
			runOnlyForDeploymentPostprocessing = 0;
		};
/* End PBXSourcesBuildPhase section */

/* Begin PBXTargetDependency section */
		F1FB702E1AA01614007073AC /* PBXTargetDependency */ = {
			isa = PBXTargetDependency;
			target = F1FB70121AA01614007073AC /* Hearts Scoreboard */;
			targetProxy = F1FB702D1AA01614007073AC /* PBXContainerItemProxy */;
		};
/* End PBXTargetDependency section */

/* Begin PBXVariantGroup section */
		F1FB70201AA01614007073AC /* Main.storyboard */ = {
			isa = PBXVariantGroup;
			children = (
				F1FB70211AA01614007073AC /* Base */,
			);
			name = Main.storyboard;
			sourceTree = "<group>";
		};
		F1FB70251AA01614007073AC /* LaunchScreen.xib */ = {
			isa = PBXVariantGroup;
			children = (
				F1FB70261AA01614007073AC /* Base */,
			);
			name = LaunchScreen.xib;
			sourceTree = "<group>";
		};
/* End PBXVariantGroup section */

/* Begin XCBuildConfiguration section */
		F1FB70341AA01614007073AC /* Debug */ = {
			isa = XCBuildConfiguration;
			buildSettings = {
				ALWAYS_SEARCH_USER_PATHS = NO;
				CLANG_CXX_LANGUAGE_STANDARD = "gnu++0x";
				CLANG_CXX_LIBRARY = "libc++";
				CLANG_ENABLE_MODULES = YES;
				CLANG_ENABLE_OBJC_ARC = YES;
				CLANG_WARN_BOOL_CONVERSION = YES;
				CLANG_WARN_CONSTANT_CONVERSION = YES;
				CLANG_WARN_DIRECT_OBJC_ISA_USAGE = YES_ERROR;
				CLANG_WARN_EMPTY_BODY = YES;
				CLANG_WARN_ENUM_CONVERSION = YES;
				CLANG_WARN_INT_CONVERSION = YES;
				CLANG_WARN_OBJC_ROOT_CLASS = YES_ERROR;
				CLANG_WARN_UNREACHABLE_CODE = YES;
				CLANG_WARN__DUPLICATE_METHOD_MATCH = YES;
				"CODE_SIGN_IDENTITY[sdk=iphoneos*]" = "iPhone Developer";
				COPY_PHASE_STRIP = NO;
				ENABLE_STRICT_OBJC_MSGSEND = YES;
				GCC_C_LANGUAGE_STANDARD = gnu99;
				GCC_DYNAMIC_NO_PIC = NO;
				GCC_OPTIMIZATION_LEVEL = 0;
				GCC_PREPROCESSOR_DEFINITIONS = (
					"DEBUG=1",
					"$(inherited)",
				);
				GCC_SYMBOLS_PRIVATE_EXTERN = NO;
				GCC_WARN_64_TO_32_BIT_CONVERSION = YES;
				GCC_WARN_ABOUT_RETURN_TYPE = YES_ERROR;
				GCC_WARN_UNDECLARED_SELECTOR = YES;
				GCC_WARN_UNINITIALIZED_AUTOS = YES_AGGRESSIVE;
				GCC_WARN_UNUSED_FUNCTION = YES;
				GCC_WARN_UNUSED_VARIABLE = YES;
				IPHONEOS_DEPLOYMENT_TARGET = 8.1;
				MTL_ENABLE_DEBUG_INFO = YES;
				ONLY_ACTIVE_ARCH = YES;
				SDKROOT = iphoneos;
				TARGETED_DEVICE_FAMILY = "1,2";
			};
			name = Debug;
		};
		F1FB70351AA01614007073AC /* Release */ = {
			isa = XCBuildConfiguration;
			buildSettings = {
				ALWAYS_SEARCH_USER_PATHS = NO;
				CLANG_CXX_LANGUAGE_STANDARD = "gnu++0x";
				CLANG_CXX_LIBRARY = "libc++";
				CLANG_ENABLE_MODULES = YES;
				CLANG_ENABLE_OBJC_ARC = YES;
				CLANG_WARN_BOOL_CONVERSION = YES;
				CLANG_WARN_CONSTANT_CONVERSION = YES;
				CLANG_WARN_DIRECT_OBJC_ISA_USAGE = YES_ERROR;
				CLANG_WARN_EMPTY_BODY = YES;
				CLANG_WARN_ENUM_CONVERSION = YES;
				CLANG_WARN_INT_CONVERSION = YES;
				CLANG_WARN_OBJC_ROOT_CLASS = YES_ERROR;
				CLANG_WARN_UNREACHABLE_CODE = YES;
				CLANG_WARN__DUPLICATE_METHOD_MATCH = YES;
				"CODE_SIGN_IDENTITY[sdk=iphoneos*]" = "iPhone Developer";
				COPY_PHASE_STRIP = YES;
				ENABLE_NS_ASSERTIONS = NO;
				ENABLE_STRICT_OBJC_MSGSEND = YES;
				GCC_C_LANGUAGE_STANDARD = gnu99;
				GCC_WARN_64_TO_32_BIT_CONVERSION = YES;
				GCC_WARN_ABOUT_RETURN_TYPE = YES_ERROR;
				GCC_WARN_UNDECLARED_SELECTOR = YES;
				GCC_WARN_UNINITIALIZED_AUTOS = YES_AGGRESSIVE;
				GCC_WARN_UNUSED_FUNCTION = YES;
				GCC_WARN_UNUSED_VARIABLE = YES;
				IPHONEOS_DEPLOYMENT_TARGET = 8.1;
				MTL_ENABLE_DEBUG_INFO = NO;
				SDKROOT = iphoneos;
				TARGETED_DEVICE_FAMILY = "1,2";
				VALIDATE_PRODUCT = YES;
			};
			name = Release;
		};
		F1FB70371AA01614007073AC /* Debug */ = {
			isa = XCBuildConfiguration;
			buildSettings = {
				ASSETCATALOG_COMPILER_APPICON_NAME = AppIcon;
				CODE_SIGN_ENTITLEMENTS = "Hearts Scoreboard.entitlements";
				CODE_SIGN_IDENTITY = "iPhone Developer";
				"CODE_SIGN_IDENTITY[sdk=iphoneos*]" = "iPhone Developer";
				INFOPLIST_FILE = "Hearts Scoreboard/Info.plist";
				IPHONEOS_DEPLOYMENT_TARGET = 8.0;
				LD_RUNPATH_SEARCH_PATHS = "$(inherited) @executable_path/Frameworks";
				PRODUCT_NAME = "Hearts Scoreboard";
				PROVISIONING_PROFILE = "";
			};
			name = Debug;
		};
		F1FB70381AA01614007073AC /* Release */ = {
			isa = XCBuildConfiguration;
			buildSettings = {
				ASSETCATALOG_COMPILER_APPICON_NAME = AppIcon;
				CODE_SIGN_ENTITLEMENTS = "Hearts Scoreboard.entitlements";
				CODE_SIGN_IDENTITY = "iPhone Developer";
				"CODE_SIGN_IDENTITY[sdk=iphoneos*]" = "iPhone Developer";
				INFOPLIST_FILE = "Hearts Scoreboard/Info.plist";
				IPHONEOS_DEPLOYMENT_TARGET = 8.0;
				LD_RUNPATH_SEARCH_PATHS = "$(inherited) @executable_path/Frameworks";
				PRODUCT_NAME = "Hearts Scoreboard";
				PROVISIONING_PROFILE = "";
			};
			name = Release;
		};
		F1FB703A1AA01614007073AC /* Debug */ = {
			isa = XCBuildConfiguration;
			buildSettings = {
				BUNDLE_LOADER = "$(TEST_HOST)";
				FRAMEWORK_SEARCH_PATHS = (
					"$(SDKROOT)/Developer/Library/Frameworks",
					"$(inherited)",
				);
				GCC_PREPROCESSOR_DEFINITIONS = (
					"DEBUG=1",
					"$(inherited)",
				);
				INFOPLIST_FILE = "Hearts ScoreboardTests/Info.plist";
				LD_RUNPATH_SEARCH_PATHS = "$(inherited) @executable_path/Frameworks @loader_path/Frameworks";
				PRODUCT_NAME = "Hearts ScoreboardTests";
				TEST_HOST = "$(BUILT_PRODUCTS_DIR)/Hearts Scoreboard.app/Hearts Scoreboard";
			};
			name = Debug;
		};
		F1FB703B1AA01614007073AC /* Release */ = {
			isa = XCBuildConfiguration;
			buildSettings = {
				BUNDLE_LOADER = "$(TEST_HOST)";
				FRAMEWORK_SEARCH_PATHS = (
					"$(SDKROOT)/Developer/Library/Frameworks",
					"$(inherited)",
				);
				INFOPLIST_FILE = "Hearts ScoreboardTests/Info.plist";
				LD_RUNPATH_SEARCH_PATHS = "$(inherited) @executable_path/Frameworks @loader_path/Frameworks";
				PRODUCT_NAME = "Hearts ScoreboardTests";
				TEST_HOST = "$(BUILT_PRODUCTS_DIR)/Hearts Scoreboard.app/Hearts Scoreboard";
			};
			name = Release;
		};
/* End XCBuildConfiguration section */

/* Begin XCConfigurationList section */
		F1FB700E1AA01613007073AC /* Build configuration list for PBXProject "Hearts Scoreboard" */ = {
			isa = XCConfigurationList;
			buildConfigurations = (
				F1FB70341AA01614007073AC /* Debug */,
				F1FB70351AA01614007073AC /* Release */,
			);
			defaultConfigurationIsVisible = 0;
			defaultConfigurationName = Release;
		};
		F1FB70361AA01614007073AC /* Build configuration list for PBXNativeTarget "Hearts Scoreboard" */ = {
			isa = XCConfigurationList;
			buildConfigurations = (
				F1FB70371AA01614007073AC /* Debug */,
				F1FB70381AA01614007073AC /* Release */,
			);
			defaultConfigurationIsVisible = 0;
			defaultConfigurationName = Release;
		};
		F1FB70391AA01614007073AC /* Build configuration list for PBXNativeTarget "Hearts ScoreboardTests" */ = {
			isa = XCConfigurationList;
			buildConfigurations = (
				F1FB703A1AA01614007073AC /* Debug */,
				F1FB703B1AA01614007073AC /* Release */,
			);
			defaultConfigurationIsVisible = 0;
			defaultConfigurationName = Release;
		};
/* End XCConfigurationList section */
	};
	rootObject = F1FB700B1AA01613007073AC /* Project object */;
}
